
Microsoft Visual Studio Solution File, Format Version 12.00
# Visual Studio Version 16
VisualStudioVersion = 16.0.30524.135
MinimumVisualStudioVersion = 10.0.40219.1
Project("{2150E333-8FDC-42A3-9474-1A3956D46DE8}") = "Solution Items", "Solution Items", "{D2E25FD9-2E35-4C73-9B63-D30DE64BFA33}"
EndProject
Project("{FAE04EC0-301F-11D3-BF4B-00C04F79EFBC}") = "CustomDotNetRunner", "CustomDotNetRunner.csproj", "{6F462AA7-0B36-4F02-BBCB-C7CD757C673E}"
EndProject
Project("{FAE04EC0-301F-11D3-BF4B-00C04F79EFBC}") = "CallContextProfiling", "..\lib\CallContextProfiling\CallContextProfiling.csproj", "{2185FADB-8D0F-4BF5-BA32-EDF610F7E4ED}"
EndProject
Project("{FAE04EC0-301F-11D3-BF4B-00C04F79EFBC}") = "NuGet.DependencyResolver.Core", "..\NuGet.Client\src\NuGet.Core\NuGet.DependencyResolver.Core\NuGet.DependencyResolver.Core.csproj", "{8A6DBFD1-5B9C-4B11-BEC2-8C4DF0D544B8}"
EndProject
Project("{FAE04EC0-301F-11D3-BF4B-00C04F79EFBC}") = "NuGet.Commands", "..\NuGet.Client\src\NuGet.Core\NuGet.Commands\NuGet.Commands.csproj", "{A1D02799-C7B2-4529-8390-A95861A8867B}"
EndProject
Project("{FAE04EC0-301F-11D3-BF4B-00C04F79EFBC}") = "NuGet.Build.Tasks", "..\NuGet.Client\src\NuGet.Core\NuGet.Build.Tasks\NuGet.Build.Tasks.csproj", "{A9A6A504-94CA-4BFC-84CB-224889448EEB}"
EndProject
Project("{FAE04EC0-301F-11D3-BF4B-00C04F79EFBC}") = "NuGet.Packaging", "..\NuGet.Client\src\NuGet.Core\NuGet.Packaging\NuGet.Packaging.csproj", "{BFC17BB9-3400-492F-947B-E8C0E4AB94EC}"
EndProject
Project("{FAE04EC0-301F-11D3-BF4B-00C04F79EFBC}") = "NuGet.Protocol", "..\NuGet.Client\src\NuGet.Core\NuGet.Protocol\NuGet.Protocol.csproj", "{A912ECB6-212D-4490-962A-C90FBD84E4C3}"
EndProject
Global
	GlobalSection(SolutionConfigurationPlatforms) = preSolution
		Debug|Any CPU = Debug|Any CPU
		Debug|x64 = Debug|x64
		Debug-MONO|Any CPU = Debug-MONO|Any CPU
		Debug-MONO|x64 = Debug-MONO|x64
		MachineIndependent|Any CPU = MachineIndependent|Any CPU
		MachineIndependent|x64 = MachineIndependent|x64
		Release|Any CPU = Release|Any CPU
		Release|x64 = Release|x64
		Release-MONO|Any CPU = Release-MONO|Any CPU
		Release-MONO|x64 = Release-MONO|x64
	EndGlobalSection
	GlobalSection(ProjectConfigurationPlatforms) = postSolution
		{6F462AA7-0B36-4F02-BBCB-C7CD757C673E}.Debug|Any CPU.ActiveCfg = Debug|Any CPU
		{6F462AA7-0B36-4F02-BBCB-C7CD757C673E}.Debug|Any CPU.Build.0 = Debug|Any CPU
		{6F462AA7-0B36-4F02-BBCB-C7CD757C673E}.Debug|x64.ActiveCfg = Debug|Any CPU
		{6F462AA7-0B36-4F02-BBCB-C7CD757C673E}.Debug|x64.Build.0 = Debug|Any CPU
		{6F462AA7-0B36-4F02-BBCB-C7CD757C673E}.Debug-MONO|Any CPU.ActiveCfg = Debug|Any CPU
		{6F462AA7-0B36-4F02-BBCB-C7CD757C673E}.Debug-MONO|Any CPU.Build.0 = Debug|Any CPU
		{6F462AA7-0B36-4F02-BBCB-C7CD757C673E}.Debug-MONO|x64.ActiveCfg = Debug|Any CPU
		{6F462AA7-0B36-4F02-BBCB-C7CD757C673E}.Debug-MONO|x64.Build.0 = Debug|Any CPU
		{6F462AA7-0B36-4F02-BBCB-C7CD757C673E}.MachineIndependent|Any CPU.ActiveCfg = Debug|Any CPU
		{6F462AA7-0B36-4F02-BBCB-C7CD757C673E}.MachineIndependent|Any CPU.Build.0 = Debug|Any CPU
		{6F462AA7-0B36-4F02-BBCB-C7CD757C673E}.MachineIndependent|x64.ActiveCfg = Debug|Any CPU
		{6F462AA7-0B36-4F02-BBCB-C7CD757C673E}.MachineIndependent|x64.Build.0 = Debug|Any CPU
		{6F462AA7-0B36-4F02-BBCB-C7CD757C673E}.Release|Any CPU.ActiveCfg = Release|Any CPU
		{6F462AA7-0B36-4F02-BBCB-C7CD757C673E}.Release|Any CPU.Build.0 = Release|Any CPU
		{6F462AA7-0B36-4F02-BBCB-C7CD757C673E}.Release|x64.ActiveCfg = Release|Any CPU
		{6F462AA7-0B36-4F02-BBCB-C7CD757C673E}.Release|x64.Build.0 = Release|Any CPU
		{6F462AA7-0B36-4F02-BBCB-C7CD757C673E}.Release-MONO|Any CPU.ActiveCfg = Debug|Any CPU
		{6F462AA7-0B36-4F02-BBCB-C7CD757C673E}.Release-MONO|Any CPU.Build.0 = Debug|Any CPU
		{6F462AA7-0B36-4F02-BBCB-C7CD757C673E}.Release-MONO|x64.ActiveCfg = Debug|Any CPU
		{6F462AA7-0B36-4F02-BBCB-C7CD757C673E}.Release-MONO|x64.Build.0 = Debug|Any CPU
		{2185FADB-8D0F-4BF5-BA32-EDF610F7E4ED}.Debug|Any CPU.ActiveCfg = Debug|Any CPU
		{2185FADB-8D0F-4BF5-BA32-EDF610F7E4ED}.Debug|Any CPU.Build.0 = Debug|Any CPU
		{2185FADB-8D0F-4BF5-BA32-EDF610F7E4ED}.Debug|x64.ActiveCfg = Debug|Any CPU
		{2185FADB-8D0F-4BF5-BA32-EDF610F7E4ED}.Debug|x64.Build.0 = Debug|Any CPU
		{2185FADB-8D0F-4BF5-BA32-EDF610F7E4ED}.Debug-MONO|Any CPU.ActiveCfg = Debug|Any CPU
		{2185FADB-8D0F-4BF5-BA32-EDF610F7E4ED}.Debug-MONO|Any CPU.Build.0 = Debug|Any CPU
		{2185FADB-8D0F-4BF5-BA32-EDF610F7E4ED}.Debug-MONO|x64.ActiveCfg = Debug|Any CPU
		{2185FADB-8D0F-4BF5-BA32-EDF610F7E4ED}.Debug-MONO|x64.Build.0 = Debug|Any CPU
		{2185FADB-8D0F-4BF5-BA32-EDF610F7E4ED}.MachineIndependent|Any CPU.ActiveCfg = Debug|Any CPU
		{2185FADB-8D0F-4BF5-BA32-EDF610F7E4ED}.MachineIndependent|Any CPU.Build.0 = Debug|Any CPU
		{2185FADB-8D0F-4BF5-BA32-EDF610F7E4ED}.MachineIndependent|x64.ActiveCfg = Debug|Any CPU
		{2185FADB-8D0F-4BF5-BA32-EDF610F7E4ED}.MachineIndependent|x64.Build.0 = Debug|Any CPU
		{2185FADB-8D0F-4BF5-BA32-EDF610F7E4ED}.Release|Any CPU.ActiveCfg = Release|Any CPU
		{2185FADB-8D0F-4BF5-BA32-EDF610F7E4ED}.Release|Any CPU.Build.0 = Release|Any CPU
		{2185FADB-8D0F-4BF5-BA32-EDF610F7E4ED}.Release|x64.ActiveCfg = Release|Any CPU
		{2185FADB-8D0F-4BF5-BA32-EDF610F7E4ED}.Release|x64.Build.0 = Release|Any CPU
		{2185FADB-8D0F-4BF5-BA32-EDF610F7E4ED}.Release-MONO|Any CPU.ActiveCfg = Debug|Any CPU
		{2185FADB-8D0F-4BF5-BA32-EDF610F7E4ED}.Release-MONO|Any CPU.Build.0 = Debug|Any CPU
		{2185FADB-8D0F-4BF5-BA32-EDF610F7E4ED}.Release-MONO|x64.ActiveCfg = Debug|Any CPU
		{2185FADB-8D0F-4BF5-BA32-EDF610F7E4ED}.Release-MONO|x64.Build.0 = Debug|Any CPU
		{8A6DBFD1-5B9C-4B11-BEC2-8C4DF0D544B8}.Debug|Any CPU.ActiveCfg = Debug|Any CPU
		{8A6DBFD1-5B9C-4B11-BEC2-8C4DF0D544B8}.Debug|Any CPU.Build.0 = Debug|Any CPU
		{8A6DBFD1-5B9C-4B11-BEC2-8C4DF0D544B8}.Debug|x64.ActiveCfg = Debug|Any CPU
		{8A6DBFD1-5B9C-4B11-BEC2-8C4DF0D544B8}.Debug|x64.Build.0 = Debug|Any CPU
		{8A6DBFD1-5B9C-4B11-BEC2-8C4DF0D544B8}.Debug-MONO|Any CPU.ActiveCfg = Debug|Any CPU
		{8A6DBFD1-5B9C-4B11-BEC2-8C4DF0D544B8}.Debug-MONO|Any CPU.Build.0 = Debug|Any CPU
		{8A6DBFD1-5B9C-4B11-BEC2-8C4DF0D544B8}.Debug-MONO|x64.ActiveCfg = Debug|Any CPU
		{8A6DBFD1-5B9C-4B11-BEC2-8C4DF0D544B8}.Debug-MONO|x64.Build.0 = Debug|Any CPU
		{8A6DBFD1-5B9C-4B11-BEC2-8C4DF0D544B8}.MachineIndependent|Any CPU.ActiveCfg = Debug|Any CPU
		{8A6DBFD1-5B9C-4B11-BEC2-8C4DF0D544B8}.MachineIndependent|Any CPU.Build.0 = Debug|Any CPU
		{8A6DBFD1-5B9C-4B11-BEC2-8C4DF0D544B8}.MachineIndependent|x64.ActiveCfg = Debug|Any CPU
		{8A6DBFD1-5B9C-4B11-BEC2-8C4DF0D544B8}.MachineIndependent|x64.Build.0 = Debug|Any CPU
		{8A6DBFD1-5B9C-4B11-BEC2-8C4DF0D544B8}.Release|Any CPU.ActiveCfg = Release|Any CPU
		{8A6DBFD1-5B9C-4B11-BEC2-8C4DF0D544B8}.Release|Any CPU.Build.0 = Release|Any CPU
		{8A6DBFD1-5B9C-4B11-BEC2-8C4DF0D544B8}.Release|x64.ActiveCfg = Release|Any CPU
		{8A6DBFD1-5B9C-4B11-BEC2-8C4DF0D544B8}.Release|x64.Build.0 = Release|Any CPU
		{8A6DBFD1-5B9C-4B11-BEC2-8C4DF0D544B8}.Release-MONO|Any CPU.ActiveCfg = Debug|Any CPU
		{8A6DBFD1-5B9C-4B11-BEC2-8C4DF0D544B8}.Release-MONO|Any CPU.Build.0 = Debug|Any CPU
		{8A6DBFD1-5B9C-4B11-BEC2-8C4DF0D544B8}.Release-MONO|x64.ActiveCfg = Debug|Any CPU
		{8A6DBFD1-5B9C-4B11-BEC2-8C4DF0D544B8}.Release-MONO|x64.Build.0 = Debug|Any CPU
		{A1D02799-C7B2-4529-8390-A95861A8867B}.Debug|Any CPU.ActiveCfg = Debug|Any CPU
		{A1D02799-C7B2-4529-8390-A95861A8867B}.Debug|Any CPU.Build.0 = Debug|Any CPU
		{A1D02799-C7B2-4529-8390-A95861A8867B}.Debug|x64.ActiveCfg = Debug|Any CPU
		{A1D02799-C7B2-4529-8390-A95861A8867B}.Debug|x64.Build.0 = Debug|Any CPU
		{A1D02799-C7B2-4529-8390-A95861A8867B}.Debug-MONO|Any CPU.ActiveCfg = Debug|Any CPU
		{A1D02799-C7B2-4529-8390-A95861A8867B}.Debug-MONO|Any CPU.Build.0 = Debug|Any CPU
		{A1D02799-C7B2-4529-8390-A95861A8867B}.Debug-MONO|x64.ActiveCfg = Debug|Any CPU
		{A1D02799-C7B2-4529-8390-A95861A8867B}.Debug-MONO|x64.Build.0 = Debug|Any CPU
		{A1D02799-C7B2-4529-8390-A95861A8867B}.MachineIndependent|Any CPU.ActiveCfg = Debug|Any CPU
		{A1D02799-C7B2-4529-8390-A95861A8867B}.MachineIndependent|Any CPU.Build.0 = Debug|Any CPU
		{A1D02799-C7B2-4529-8390-A95861A8867B}.MachineIndependent|x64.ActiveCfg = Debug|Any CPU
		{A1D02799-C7B2-4529-8390-A95861A8867B}.MachineIndependent|x64.Build.0 = Debug|Any CPU
		{A1D02799-C7B2-4529-8390-A95861A8867B}.Release|Any CPU.ActiveCfg = Release|Any CPU
		{A1D02799-C7B2-4529-8390-A95861A8867B}.Release|Any CPU.Build.0 = Release|Any CPU
		{A1D02799-C7B2-4529-8390-A95861A8867B}.Release|x64.ActiveCfg = Release|Any CPU
		{A1D02799-C7B2-4529-8390-A95861A8867B}.Release|x64.Build.0 = Release|Any CPU
		{A1D02799-C7B2-4529-8390-A95861A8867B}.Release-MONO|Any CPU.ActiveCfg = Debug|Any CPU
		{A1D02799-C7B2-4529-8390-A95861A8867B}.Release-MONO|Any CPU.Build.0 = Debug|Any CPU
		{A1D02799-C7B2-4529-8390-A95861A8867B}.Release-MONO|x64.ActiveCfg = Debug|Any CPU
		{A1D02799-C7B2-4529-8390-A95861A8867B}.Release-MONO|x64.Build.0 = Debug|Any CPU
		{A9A6A504-94CA-4BFC-84CB-224889448EEB}.Debug|Any CPU.ActiveCfg = Debug|Any CPU
		{A9A6A504-94CA-4BFC-84CB-224889448EEB}.Debug|Any CPU.Build.0 = Debug|Any CPU
		{A9A6A504-94CA-4BFC-84CB-224889448EEB}.Debug|x64.ActiveCfg = Debug|Any CPU
		{A9A6A504-94CA-4BFC-84CB-224889448EEB}.Debug|x64.Build.0 = Debug|Any CPU
		{A9A6A504-94CA-4BFC-84CB-224889448EEB}.Debug-MONO|Any CPU.ActiveCfg = Debug|Any CPU
		{A9A6A504-94CA-4BFC-84CB-224889448EEB}.Debug-MONO|Any CPU.Build.0 = Debug|Any CPU
		{A9A6A504-94CA-4BFC-84CB-224889448EEB}.Debug-MONO|x64.ActiveCfg = Debug|Any CPU
		{A9A6A504-94CA-4BFC-84CB-224889448EEB}.Debug-MONO|x64.Build.0 = Debug|Any CPU
		{A9A6A504-94CA-4BFC-84CB-224889448EEB}.MachineIndependent|Any CPU.ActiveCfg = Debug|Any CPU
		{A9A6A504-94CA-4BFC-84CB-224889448EEB}.MachineIndependent|Any CPU.Build.0 = Debug|Any CPU
		{A9A6A504-94CA-4BFC-84CB-224889448EEB}.MachineIndependent|x64.ActiveCfg = Debug|Any CPU
		{A9A6A504-94CA-4BFC-84CB-224889448EEB}.MachineIndependent|x64.Build.0 = Debug|Any CPU
		{A9A6A504-94CA-4BFC-84CB-224889448EEB}.Release|Any CPU.ActiveCfg = Release|Any CPU
		{A9A6A504-94CA-4BFC-84CB-224889448EEB}.Release|Any CPU.Build.0 = Release|Any CPU
		{A9A6A504-94CA-4BFC-84CB-224889448EEB}.Release|x64.ActiveCfg = Release|Any CPU
		{A9A6A504-94CA-4BFC-84CB-224889448EEB}.Release|x64.Build.0 = Release|Any CPU
		{A9A6A504-94CA-4BFC-84CB-224889448EEB}.Release-MONO|Any CPU.ActiveCfg = Debug|Any CPU
		{A9A6A504-94CA-4BFC-84CB-224889448EEB}.Release-MONO|Any CPU.Build.0 = Debug|Any CPU
		{A9A6A504-94CA-4BFC-84CB-224889448EEB}.Release-MONO|x64.ActiveCfg = Debug|Any CPU
		{A9A6A504-94CA-4BFC-84CB-224889448EEB}.Release-MONO|x64.Build.0 = Debug|Any CPU
		{BFC17BB9-3400-492F-947B-E8C0E4AB94EC}.Debug|Any CPU.ActiveCfg = Debug|Any CPU
		{BFC17BB9-3400-492F-947B-E8C0E4AB94EC}.Debug|Any CPU.Build.0 = Debug|Any CPU
		{BFC17BB9-3400-492F-947B-E8C0E4AB94EC}.Debug|x64.ActiveCfg = Debug|Any CPU
		{BFC17BB9-3400-492F-947B-E8C0E4AB94EC}.Debug|x64.Build.0 = Debug|Any CPU
		{BFC17BB9-3400-492F-947B-E8C0E4AB94EC}.Debug-MONO|Any CPU.ActiveCfg = Debug|Any CPU
		{BFC17BB9-3400-492F-947B-E8C0E4AB94EC}.Debug-MONO|Any CPU.Build.0 = Debug|Any CPU
		{BFC17BB9-3400-492F-947B-E8C0E4AB94EC}.Debug-MONO|x64.ActiveCfg = Debug|Any CPU
		{BFC17BB9-3400-492F-947B-E8C0E4AB94EC}.Debug-MONO|x64.Build.0 = Debug|Any CPU
		{BFC17BB9-3400-492F-947B-E8C0E4AB94EC}.MachineIndependent|Any CPU.ActiveCfg = Debug|Any CPU
		{BFC17BB9-3400-492F-947B-E8C0E4AB94EC}.MachineIndependent|Any CPU.Build.0 = Debug|Any CPU
		{BFC17BB9-3400-492F-947B-E8C0E4AB94EC}.MachineIndependent|x64.ActiveCfg = Debug|Any CPU
		{BFC17BB9-3400-492F-947B-E8C0E4AB94EC}.MachineIndependent|x64.Build.0 = Debug|Any CPU
		{BFC17BB9-3400-492F-947B-E8C0E4AB94EC}.Release|Any CPU.ActiveCfg = Release|Any CPU
		{BFC17BB9-3400-492F-947B-E8C0E4AB94EC}.Release|Any CPU.Build.0 = Release|Any CPU
		{BFC17BB9-3400-492F-947B-E8C0E4AB94EC}.Release|x64.ActiveCfg = Release|Any CPU
		{BFC17BB9-3400-492F-947B-E8C0E4AB94EC}.Release|x64.Build.0 = Release|Any CPU
		{BFC17BB9-3400-492F-947B-E8C0E4AB94EC}.Release-MONO|Any CPU.ActiveCfg = Debug|Any CPU
		{BFC17BB9-3400-492F-947B-E8C0E4AB94EC}.Release-MONO|Any CPU.Build.0 = Debug|Any CPU
		{BFC17BB9-3400-492F-947B-E8C0E4AB94EC}.Release-MONO|x64.ActiveCfg = Debug|Any CPU
		{BFC17BB9-3400-492F-947B-E8C0E4AB94EC}.Release-MONO|x64.Build.0 = Debug|Any CPU
		{A912ECB6-212D-4490-962A-C90FBD84E4C3}.Debug|Any CPU.ActiveCfg = Debug|Any CPU
		{A912ECB6-212D-4490-962A-C90FBD84E4C3}.Debug|Any CPU.Build.0 = Debug|Any CPU
		{A912ECB6-212D-4490-962A-C90FBD84E4C3}.Debug|x64.ActiveCfg = Debug|Any CPU
		{A912ECB6-212D-4490-962A-C90FBD84E4C3}.Debug|x64.Build.0 = Debug|Any CPU
		{A912ECB6-212D-4490-962A-C90FBD84E4C3}.Debug-MONO|Any CPU.ActiveCfg = Debug|Any CPU
		{A912ECB6-212D-4490-962A-C90FBD84E4C3}.Debug-MONO|Any CPU.Build.0 = Debug|Any CPU
		{A912ECB6-212D-4490-962A-C90FBD84E4C3}.Debug-MONO|x64.ActiveCfg = Debug|Any CPU
		{A912ECB6-212D-4490-962A-C90FBD84E4C3}.Debug-MONO|x64.Build.0 = Debug|Any CPU
		{A912ECB6-212D-4490-962A-C90FBD84E4C3}.MachineIndependent|Any CPU.ActiveCfg = Debug|Any CPU
		{A912ECB6-212D-4490-962A-C90FBD84E4C3}.MachineIndependent|Any CPU.Build.0 = Debug|Any CPU
		{A912ECB6-212D-4490-962A-C90FBD84E4C3}.MachineIndependent|x64.ActiveCfg = Debug|Any CPU
		{A912ECB6-212D-4490-962A-C90FBD84E4C3}.MachineIndependent|x64.Build.0 = Debug|Any CPU
		{A912ECB6-212D-4490-962A-C90FBD84E4C3}.Release|Any CPU.ActiveCfg = Release|Any CPU
		{A912ECB6-212D-4490-962A-C90FBD84E4C3}.Release|Any CPU.Build.0 = Release|Any CPU
		{A912ECB6-212D-4490-962A-C90FBD84E4C3}.Release|x64.ActiveCfg = Release|Any CPU
		{A912ECB6-212D-4490-962A-C90FBD84E4C3}.Release|x64.Build.0 = Release|Any CPU
		{A912ECB6-212D-4490-962A-C90FBD84E4C3}.Release-MONO|Any CPU.ActiveCfg = Debug|Any CPU
		{A912ECB6-212D-4490-962A-C90FBD84E4C3}.Release-MONO|Any CPU.Build.0 = Debug|Any CPU
		{A912ECB6-212D-4490-962A-C90FBD84E4C3}.Release-MONO|x64.ActiveCfg = Debug|Any CPU
		{A912ECB6-212D-4490-962A-C90FBD84E4C3}.Release-MONO|x64.Build.0 = Debug|Any CPU
	EndGlobalSection
	GlobalSection(SolutionProperties) = preSolution
		HideSolutionNode = FALSE
	EndGlobalSection
	GlobalSection(ExtensibilityGlobals) = postSolution
		SolutionGuid = {F3BB1BCA-1205-4F19-9992-41701713D89E}
	EndGlobalSection
EndGlobal
