
Microsoft Visual Studio Solution File, Format Version 12.00
# Visual Studio Version 16
VisualStudioVersion = 16.0.30524.135
MinimumVisualStudioVersion = 10.0.40219.1
Project("{9A19103F-16F7-4668-BE54-9A1E7A4F7556}") = "RestoreRunner", "RestoreRunner.csproj", "{72ABB67F-24DA-4BDB-802F-D942784D3162}"
EndProject
Project("{9A19103F-16F7-4668-BE54-9A1E7A4F7556}") = "NuGet.Build.Tasks", "..\..\..\D\NuGet.Client\src\NuGet.Core\NuGet.Build.Tasks\NuGet.Build.Tasks.csproj", "{86FA8F78-1CDB-44EC-9741-A55E79451FBB}"
EndProject
Project("{9A19103F-16F7-4668-BE54-9A1E7A4F7556}") = "NuGet.Common", "..\..\..\D\NuGet.Client\src\NuGet.Core\NuGet.Common\NuGet.Common.csproj", "{4A672A95-3C97-418B-BC99-C3E1E8EC202D}"
EndProject
Project("{9A19103F-16F7-4668-BE54-9A1E7A4F7556}") = "NuGet.Commands", "..\..\..\D\NuGet.Client\src\NuGet.Core\NuGet.Commands\NuGet.Commands.csproj", "{F2F6B5E6-F200-47BF-870C-63BB9DE62DE3}"
EndProject
Project("{9A19103F-16F7-4668-BE54-9A1E7A4F7556}") = "NuGet.ProjectModel", "..\..\..\D\NuGet.Client\src\NuGet.Core\NuGet.ProjectModel\NuGet.ProjectModel.csproj", "{92216687-479E-4161-8FCB-F9E32D4C7E02}"
EndProject
Project("{9A19103F-16F7-4668-BE54-9A1E7A4F7556}") = "NuGet.LibraryModel", "..\..\..\D\NuGet.Client\src\NuGet.Core\NuGet.LibraryModel\NuGet.LibraryModel.csproj", "{4778A82E-08B7-4F08-9695-BE161892342F}"
EndProject
Project("{9A19103F-16F7-4668-BE54-9A1E7A4F7556}") = "NuGet.Credentials", "..\..\..\D\NuGet.Client\src\NuGet.Core\NuGet.Credentials\NuGet.Credentials.csproj", "{D0B75371-BA7B-420C-9206-CA030D87EA86}"
EndProject
Project("{9A19103F-16F7-4668-BE54-9A1E7A4F7556}") = "NuGet.DependencyResolver.Core", "..\..\..\D\NuGet.Client\src\NuGet.Core\NuGet.DependencyResolver.Core\NuGet.DependencyResolver.Core.csproj", "{2F55B9B9-CBD9-4FC9-9CD2-E5A7D36910C5}"
EndProject
Project("{2150E333-8FDC-42A3-9474-1A3956D46DE8}") = "Solution Items", "Solution Items", "{D2E25FD9-2E35-4C73-9B63-D30DE64BFA33}"
EndProject
Project("{9A19103F-16F7-4668-BE54-9A1E7A4F7556}") = "NuGet.Protocol", "..\..\..\D\NuGet.Client\src\NuGet.Core\NuGet.Protocol\NuGet.Protocol.csproj", "{A37C6A6B-8443-453C-B47B-65F06D41163F}"
EndProject
Project("{9A19103F-16F7-4668-BE54-9A1E7A4F7556}") = "NuGet.Packaging", "..\..\..\D\NuGet.Client\src\NuGet.Core\NuGet.Packaging\NuGet.Packaging.csproj", "{E466A369-B37A-43F1-843A-F705A286553D}"
EndProject
Project("{9A19103F-16F7-4668-BE54-9A1E7A4F7556}") = "NuGet.Configuration", "..\..\..\D\NuGet.Client\src\NuGet.Core\NuGet.Configuration\NuGet.Configuration.csproj", "{9CDD520E-09A1-47AE-A586-AD548FB33106}"
EndProject
Project("{9A19103F-16F7-4668-BE54-9A1E7A4F7556}") = "NuGet.PackageManagement", "..\..\..\D\NuGet.Client\src\NuGet.Core\NuGet.PackageManagement\NuGet.PackageManagement.csproj", "{78C64760-81EC-4860-9A43-BCEB511F8866}"
EndProject
Project("{9A19103F-16F7-4668-BE54-9A1E7A4F7556}") = "NuGet.Resolver", "..\..\..\D\NuGet.Client\src\NuGet.Core\NuGet.Resolver\NuGet.Resolver.csproj", "{0F730D45-7D6E-47ED-8274-AFF63034CDD6}"
EndProject
Project("{9A19103F-16F7-4668-BE54-9A1E7A4F7556}") = "Microsoft.Build.Framework", "..\..\..\D\msbuild\src\Framework\Microsoft.Build.Framework.csproj", "{CBB226F9-2789-4F80-8E7D-E010A02376DE}"
EndProject
Project("{9A19103F-16F7-4668-BE54-9A1E7A4F7556}") = "Microsoft.Build.Utilities", "..\..\..\D\msbuild\src\Utilities\Microsoft.Build.Utilities.csproj", "{3B3E5BD9-D739-42A7-9280-4DAFCE3596D4}"
EndProject
Project("{9A19103F-16F7-4668-BE54-9A1E7A4F7556}") = "Microsoft.Build", "..\..\..\D\msbuild\src\Build\Microsoft.Build.csproj", "{F90FB6FC-08DF-4619-B030-FC5E87C289B1}"
EndProject
Project("{9A19103F-16F7-4668-BE54-9A1E7A4F7556}") = "Microsoft.Build.Tasks", "..\..\..\D\msbuild\src\Tasks\Microsoft.Build.Tasks.csproj", "{239A543D-F166-4DB4-AE23-FCF47F7CB057}"
EndProject
Global
	GlobalSection(SolutionConfigurationPlatforms) = preSolution
		Debug|Any CPU = Debug|Any CPU
		Debug|x64 = Debug|x64
		Debug-MONO|Any CPU = Debug-MONO|Any CPU
		Debug-MONO|x64 = Debug-MONO|x64
		MachineIndependent|Any CPU = MachineIndependent|Any CPU
		MachineIndependent|x64 = MachineIndependent|x64
		Release|Any CPU = Release|Any CPU
		Release|x64 = Release|x64
		Release-MONO|Any CPU = Release-MONO|Any CPU
		Release-MONO|x64 = Release-MONO|x64
	EndGlobalSection
	GlobalSection(ProjectConfigurationPlatforms) = postSolution
		{72ABB67F-24DA-4BDB-802F-D942784D3162}.Debug|Any CPU.ActiveCfg = Debug|Any CPU
		{72ABB67F-24DA-4BDB-802F-D942784D3162}.Debug|Any CPU.Build.0 = Debug|Any CPU
		{72ABB67F-24DA-4BDB-802F-D942784D3162}.Debug|x64.ActiveCfg = Debug|Any CPU
		{72ABB67F-24DA-4BDB-802F-D942784D3162}.Debug|x64.Build.0 = Debug|Any CPU
		{72ABB67F-24DA-4BDB-802F-D942784D3162}.Debug-MONO|Any CPU.ActiveCfg = Debug|Any CPU
		{72ABB67F-24DA-4BDB-802F-D942784D3162}.Debug-MONO|Any CPU.Build.0 = Debug|Any CPU
		{72ABB67F-24DA-4BDB-802F-D942784D3162}.Debug-MONO|x64.ActiveCfg = Debug|Any CPU
		{72ABB67F-24DA-4BDB-802F-D942784D3162}.Debug-MONO|x64.Build.0 = Debug|Any CPU
		{72ABB67F-24DA-4BDB-802F-D942784D3162}.MachineIndependent|Any CPU.ActiveCfg = Release|Any CPU
		{72ABB67F-24DA-4BDB-802F-D942784D3162}.MachineIndependent|Any CPU.Build.0 = Release|Any CPU
		{72ABB67F-24DA-4BDB-802F-D942784D3162}.MachineIndependent|x64.ActiveCfg = Release|Any CPU
		{72ABB67F-24DA-4BDB-802F-D942784D3162}.MachineIndependent|x64.Build.0 = Release|Any CPU
		{72ABB67F-24DA-4BDB-802F-D942784D3162}.Release|Any CPU.ActiveCfg = Release|Any CPU
		{72ABB67F-24DA-4BDB-802F-D942784D3162}.Release|Any CPU.Build.0 = Release|Any CPU
		{72ABB67F-24DA-4BDB-802F-D942784D3162}.Release|x64.ActiveCfg = Release|Any CPU
		{72ABB67F-24DA-4BDB-802F-D942784D3162}.Release|x64.Build.0 = Release|Any CPU
		{72ABB67F-24DA-4BDB-802F-D942784D3162}.Release-MONO|Any CPU.ActiveCfg = Release|Any CPU
		{72ABB67F-24DA-4BDB-802F-D942784D3162}.Release-MONO|Any CPU.Build.0 = Release|Any CPU
		{72ABB67F-24DA-4BDB-802F-D942784D3162}.Release-MONO|x64.ActiveCfg = Release|Any CPU
		{72ABB67F-24DA-4BDB-802F-D942784D3162}.Release-MONO|x64.Build.0 = Release|Any CPU
		{86FA8F78-1CDB-44EC-9741-A55E79451FBB}.Debug|Any CPU.ActiveCfg = Debug|Any CPU
		{86FA8F78-1CDB-44EC-9741-A55E79451FBB}.Debug|Any CPU.Build.0 = Debug|Any CPU
		{86FA8F78-1CDB-44EC-9741-A55E79451FBB}.Debug|x64.ActiveCfg = Debug|Any CPU
		{86FA8F78-1CDB-44EC-9741-A55E79451FBB}.Debug|x64.Build.0 = Debug|Any CPU
		{86FA8F78-1CDB-44EC-9741-A55E79451FBB}.Debug-MONO|Any CPU.ActiveCfg = Debug|Any CPU
		{86FA8F78-1CDB-44EC-9741-A55E79451FBB}.Debug-MONO|Any CPU.Build.0 = Debug|Any CPU
		{86FA8F78-1CDB-44EC-9741-A55E79451FBB}.Debug-MONO|x64.ActiveCfg = Debug|Any CPU
		{86FA8F78-1CDB-44EC-9741-A55E79451FBB}.Debug-MONO|x64.Build.0 = Debug|Any CPU
		{86FA8F78-1CDB-44EC-9741-A55E79451FBB}.MachineIndependent|Any CPU.ActiveCfg = Release|Any CPU
		{86FA8F78-1CDB-44EC-9741-A55E79451FBB}.MachineIndependent|Any CPU.Build.0 = Release|Any CPU
		{86FA8F78-1CDB-44EC-9741-A55E79451FBB}.MachineIndependent|x64.ActiveCfg = Release|Any CPU
		{86FA8F78-1CDB-44EC-9741-A55E79451FBB}.MachineIndependent|x64.Build.0 = Release|Any CPU
		{86FA8F78-1CDB-44EC-9741-A55E79451FBB}.Release|Any CPU.ActiveCfg = Release|Any CPU
		{86FA8F78-1CDB-44EC-9741-A55E79451FBB}.Release|Any CPU.Build.0 = Release|Any CPU
		{86FA8F78-1CDB-44EC-9741-A55E79451FBB}.Release|x64.ActiveCfg = Release|Any CPU
		{86FA8F78-1CDB-44EC-9741-A55E79451FBB}.Release|x64.Build.0 = Release|Any CPU
		{86FA8F78-1CDB-44EC-9741-A55E79451FBB}.Release-MONO|Any CPU.ActiveCfg = Release|Any CPU
		{86FA8F78-1CDB-44EC-9741-A55E79451FBB}.Release-MONO|Any CPU.Build.0 = Release|Any CPU
		{86FA8F78-1CDB-44EC-9741-A55E79451FBB}.Release-MONO|x64.ActiveCfg = Release|Any CPU
		{86FA8F78-1CDB-44EC-9741-A55E79451FBB}.Release-MONO|x64.Build.0 = Release|Any CPU
		{4A672A95-3C97-418B-BC99-C3E1E8EC202D}.Debug|Any CPU.ActiveCfg = Debug|Any CPU
		{4A672A95-3C97-418B-BC99-C3E1E8EC202D}.Debug|Any CPU.Build.0 = Debug|Any CPU
		{4A672A95-3C97-418B-BC99-C3E1E8EC202D}.Debug|x64.ActiveCfg = Debug|Any CPU
		{4A672A95-3C97-418B-BC99-C3E1E8EC202D}.Debug|x64.Build.0 = Debug|Any CPU
		{4A672A95-3C97-418B-BC99-C3E1E8EC202D}.Debug-MONO|Any CPU.ActiveCfg = Debug|Any CPU
		{4A672A95-3C97-418B-BC99-C3E1E8EC202D}.Debug-MONO|Any CPU.Build.0 = Debug|Any CPU
		{4A672A95-3C97-418B-BC99-C3E1E8EC202D}.Debug-MONO|x64.ActiveCfg = Debug|Any CPU
		{4A672A95-3C97-418B-BC99-C3E1E8EC202D}.Debug-MONO|x64.Build.0 = Debug|Any CPU
		{4A672A95-3C97-418B-BC99-C3E1E8EC202D}.MachineIndependent|Any CPU.ActiveCfg = Release|Any CPU
		{4A672A95-3C97-418B-BC99-C3E1E8EC202D}.MachineIndependent|Any CPU.Build.0 = Release|Any CPU
		{4A672A95-3C97-418B-BC99-C3E1E8EC202D}.MachineIndependent|x64.ActiveCfg = Release|Any CPU
		{4A672A95-3C97-418B-BC99-C3E1E8EC202D}.MachineIndependent|x64.Build.0 = Release|Any CPU
		{4A672A95-3C97-418B-BC99-C3E1E8EC202D}.Release|Any CPU.ActiveCfg = Release|Any CPU
		{4A672A95-3C97-418B-BC99-C3E1E8EC202D}.Release|Any CPU.Build.0 = Release|Any CPU
		{4A672A95-3C97-418B-BC99-C3E1E8EC202D}.Release|x64.ActiveCfg = Release|Any CPU
		{4A672A95-3C97-418B-BC99-C3E1E8EC202D}.Release|x64.Build.0 = Release|Any CPU
		{4A672A95-3C97-418B-BC99-C3E1E8EC202D}.Release-MONO|Any CPU.ActiveCfg = Release|Any CPU
		{4A672A95-3C97-418B-BC99-C3E1E8EC202D}.Release-MONO|Any CPU.Build.0 = Release|Any CPU
		{4A672A95-3C97-418B-BC99-C3E1E8EC202D}.Release-MONO|x64.ActiveCfg = Release|Any CPU
		{4A672A95-3C97-418B-BC99-C3E1E8EC202D}.Release-MONO|x64.Build.0 = Release|Any CPU
		{F2F6B5E6-F200-47BF-870C-63BB9DE62DE3}.Debug|Any CPU.ActiveCfg = Debug|Any CPU
		{F2F6B5E6-F200-47BF-870C-63BB9DE62DE3}.Debug|Any CPU.Build.0 = Debug|Any CPU
		{F2F6B5E6-F200-47BF-870C-63BB9DE62DE3}.Debug|x64.ActiveCfg = Debug|Any CPU
		{F2F6B5E6-F200-47BF-870C-63BB9DE62DE3}.Debug|x64.Build.0 = Debug|Any CPU
		{F2F6B5E6-F200-47BF-870C-63BB9DE62DE3}.Debug-MONO|Any CPU.ActiveCfg = Debug|Any CPU
		{F2F6B5E6-F200-47BF-870C-63BB9DE62DE3}.Debug-MONO|Any CPU.Build.0 = Debug|Any CPU
		{F2F6B5E6-F200-47BF-870C-63BB9DE62DE3}.Debug-MONO|x64.ActiveCfg = Debug|Any CPU
		{F2F6B5E6-F200-47BF-870C-63BB9DE62DE3}.Debug-MONO|x64.Build.0 = Debug|Any CPU
		{F2F6B5E6-F200-47BF-870C-63BB9DE62DE3}.MachineIndependent|Any CPU.ActiveCfg = Release|Any CPU
		{F2F6B5E6-F200-47BF-870C-63BB9DE62DE3}.MachineIndependent|Any CPU.Build.0 = Release|Any CPU
		{F2F6B5E6-F200-47BF-870C-63BB9DE62DE3}.MachineIndependent|x64.ActiveCfg = Release|Any CPU
		{F2F6B5E6-F200-47BF-870C-63BB9DE62DE3}.MachineIndependent|x64.Build.0 = Release|Any CPU
		{F2F6B5E6-F200-47BF-870C-63BB9DE62DE3}.Release|Any CPU.ActiveCfg = Release|Any CPU
		{F2F6B5E6-F200-47BF-870C-63BB9DE62DE3}.Release|Any CPU.Build.0 = Release|Any CPU
		{F2F6B5E6-F200-47BF-870C-63BB9DE62DE3}.Release|x64.ActiveCfg = Release|Any CPU
		{F2F6B5E6-F200-47BF-870C-63BB9DE62DE3}.Release|x64.Build.0 = Release|Any CPU
		{F2F6B5E6-F200-47BF-870C-63BB9DE62DE3}.Release-MONO|Any CPU.ActiveCfg = Release|Any CPU
		{F2F6B5E6-F200-47BF-870C-63BB9DE62DE3}.Release-MONO|Any CPU.Build.0 = Release|Any CPU
		{F2F6B5E6-F200-47BF-870C-63BB9DE62DE3}.Release-MONO|x64.ActiveCfg = Release|Any CPU
		{F2F6B5E6-F200-47BF-870C-63BB9DE62DE3}.Release-MONO|x64.Build.0 = Release|Any CPU
		{92216687-479E-4161-8FCB-F9E32D4C7E02}.Debug|Any CPU.ActiveCfg = Debug|Any CPU
		{92216687-479E-4161-8FCB-F9E32D4C7E02}.Debug|Any CPU.Build.0 = Debug|Any CPU
		{92216687-479E-4161-8FCB-F9E32D4C7E02}.Debug|x64.ActiveCfg = Debug|Any CPU
		{92216687-479E-4161-8FCB-F9E32D4C7E02}.Debug|x64.Build.0 = Debug|Any CPU
		{92216687-479E-4161-8FCB-F9E32D4C7E02}.Debug-MONO|Any CPU.ActiveCfg = Debug|Any CPU
		{92216687-479E-4161-8FCB-F9E32D4C7E02}.Debug-MONO|Any CPU.Build.0 = Debug|Any CPU
		{92216687-479E-4161-8FCB-F9E32D4C7E02}.Debug-MONO|x64.ActiveCfg = Debug|Any CPU
		{92216687-479E-4161-8FCB-F9E32D4C7E02}.Debug-MONO|x64.Build.0 = Debug|Any CPU
		{92216687-479E-4161-8FCB-F9E32D4C7E02}.MachineIndependent|Any CPU.ActiveCfg = Release|Any CPU
		{92216687-479E-4161-8FCB-F9E32D4C7E02}.MachineIndependent|Any CPU.Build.0 = Release|Any CPU
		{92216687-479E-4161-8FCB-F9E32D4C7E02}.MachineIndependent|x64.ActiveCfg = Release|Any CPU
		{92216687-479E-4161-8FCB-F9E32D4C7E02}.MachineIndependent|x64.Build.0 = Release|Any CPU
		{92216687-479E-4161-8FCB-F9E32D4C7E02}.Release|Any CPU.ActiveCfg = Release|Any CPU
		{92216687-479E-4161-8FCB-F9E32D4C7E02}.Release|Any CPU.Build.0 = Release|Any CPU
		{92216687-479E-4161-8FCB-F9E32D4C7E02}.Release|x64.ActiveCfg = Release|Any CPU
		{92216687-479E-4161-8FCB-F9E32D4C7E02}.Release|x64.Build.0 = Release|Any CPU
		{92216687-479E-4161-8FCB-F9E32D4C7E02}.Release-MONO|Any CPU.ActiveCfg = Release|Any CPU
		{92216687-479E-4161-8FCB-F9E32D4C7E02}.Release-MONO|Any CPU.Build.0 = Release|Any CPU
		{92216687-479E-4161-8FCB-F9E32D4C7E02}.Release-MONO|x64.ActiveCfg = Release|Any CPU
		{92216687-479E-4161-8FCB-F9E32D4C7E02}.Release-MONO|x64.Build.0 = Release|Any CPU
		{4778A82E-08B7-4F08-9695-BE161892342F}.Debug|Any CPU.ActiveCfg = Debug|Any CPU
		{4778A82E-08B7-4F08-9695-BE161892342F}.Debug|Any CPU.Build.0 = Debug|Any CPU
		{4778A82E-08B7-4F08-9695-BE161892342F}.Debug|x64.ActiveCfg = Debug|Any CPU
		{4778A82E-08B7-4F08-9695-BE161892342F}.Debug|x64.Build.0 = Debug|Any CPU
		{4778A82E-08B7-4F08-9695-BE161892342F}.Debug-MONO|Any CPU.ActiveCfg = Debug|Any CPU
		{4778A82E-08B7-4F08-9695-BE161892342F}.Debug-MONO|Any CPU.Build.0 = Debug|Any CPU
		{4778A82E-08B7-4F08-9695-BE161892342F}.Debug-MONO|x64.ActiveCfg = Debug|Any CPU
		{4778A82E-08B7-4F08-9695-BE161892342F}.Debug-MONO|x64.Build.0 = Debug|Any CPU
		{4778A82E-08B7-4F08-9695-BE161892342F}.MachineIndependent|Any CPU.ActiveCfg = Release|Any CPU
		{4778A82E-08B7-4F08-9695-BE161892342F}.MachineIndependent|Any CPU.Build.0 = Release|Any CPU
		{4778A82E-08B7-4F08-9695-BE161892342F}.MachineIndependent|x64.ActiveCfg = Release|Any CPU
		{4778A82E-08B7-4F08-9695-BE161892342F}.MachineIndependent|x64.Build.0 = Release|Any CPU
		{4778A82E-08B7-4F08-9695-BE161892342F}.Release|Any CPU.ActiveCfg = Release|Any CPU
		{4778A82E-08B7-4F08-9695-BE161892342F}.Release|Any CPU.Build.0 = Release|Any CPU
		{4778A82E-08B7-4F08-9695-BE161892342F}.Release|x64.ActiveCfg = Release|Any CPU
		{4778A82E-08B7-4F08-9695-BE161892342F}.Release|x64.Build.0 = Release|Any CPU
		{4778A82E-08B7-4F08-9695-BE161892342F}.Release-MONO|Any CPU.ActiveCfg = Release|Any CPU
		{4778A82E-08B7-4F08-9695-BE161892342F}.Release-MONO|Any CPU.Build.0 = Release|Any CPU
		{4778A82E-08B7-4F08-9695-BE161892342F}.Release-MONO|x64.ActiveCfg = Release|Any CPU
		{4778A82E-08B7-4F08-9695-BE161892342F}.Release-MONO|x64.Build.0 = Release|Any CPU
		{D0B75371-BA7B-420C-9206-CA030D87EA86}.Debug|Any CPU.ActiveCfg = Debug|Any CPU
		{D0B75371-BA7B-420C-9206-CA030D87EA86}.Debug|Any CPU.Build.0 = Debug|Any CPU
		{D0B75371-BA7B-420C-9206-CA030D87EA86}.Debug|x64.ActiveCfg = Debug|Any CPU
		{D0B75371-BA7B-420C-9206-CA030D87EA86}.Debug|x64.Build.0 = Debug|Any CPU
		{D0B75371-BA7B-420C-9206-CA030D87EA86}.Debug-MONO|Any CPU.ActiveCfg = Debug|Any CPU
		{D0B75371-BA7B-420C-9206-CA030D87EA86}.Debug-MONO|Any CPU.Build.0 = Debug|Any CPU
		{D0B75371-BA7B-420C-9206-CA030D87EA86}.Debug-MONO|x64.ActiveCfg = Debug|Any CPU
		{D0B75371-BA7B-420C-9206-CA030D87EA86}.Debug-MONO|x64.Build.0 = Debug|Any CPU
		{D0B75371-BA7B-420C-9206-CA030D87EA86}.MachineIndependent|Any CPU.ActiveCfg = Release|Any CPU
		{D0B75371-BA7B-420C-9206-CA030D87EA86}.MachineIndependent|Any CPU.Build.0 = Release|Any CPU
		{D0B75371-BA7B-420C-9206-CA030D87EA86}.MachineIndependent|x64.ActiveCfg = Release|Any CPU
		{D0B75371-BA7B-420C-9206-CA030D87EA86}.MachineIndependent|x64.Build.0 = Release|Any CPU
		{D0B75371-BA7B-420C-9206-CA030D87EA86}.Release|Any CPU.ActiveCfg = Release|Any CPU
		{D0B75371-BA7B-420C-9206-CA030D87EA86}.Release|Any CPU.Build.0 = Release|Any CPU
		{D0B75371-BA7B-420C-9206-CA030D87EA86}.Release|x64.ActiveCfg = Release|Any CPU
		{D0B75371-BA7B-420C-9206-CA030D87EA86}.Release|x64.Build.0 = Release|Any CPU
		{D0B75371-BA7B-420C-9206-CA030D87EA86}.Release-MONO|Any CPU.ActiveCfg = Release|Any CPU
		{D0B75371-BA7B-420C-9206-CA030D87EA86}.Release-MONO|Any CPU.Build.0 = Release|Any CPU
		{D0B75371-BA7B-420C-9206-CA030D87EA86}.Release-MONO|x64.ActiveCfg = Release|Any CPU
		{D0B75371-BA7B-420C-9206-CA030D87EA86}.Release-MONO|x64.Build.0 = Release|Any CPU
		{2F55B9B9-CBD9-4FC9-9CD2-E5A7D36910C5}.Debug|Any CPU.ActiveCfg = Debug|Any CPU
		{2F55B9B9-CBD9-4FC9-9CD2-E5A7D36910C5}.Debug|Any CPU.Build.0 = Debug|Any CPU
		{2F55B9B9-CBD9-4FC9-9CD2-E5A7D36910C5}.Debug|x64.ActiveCfg = Debug|Any CPU
		{2F55B9B9-CBD9-4FC9-9CD2-E5A7D36910C5}.Debug|x64.Build.0 = Debug|Any CPU
		{2F55B9B9-CBD9-4FC9-9CD2-E5A7D36910C5}.Debug-MONO|Any CPU.ActiveCfg = Debug|Any CPU
		{2F55B9B9-CBD9-4FC9-9CD2-E5A7D36910C5}.Debug-MONO|Any CPU.Build.0 = Debug|Any CPU
		{2F55B9B9-CBD9-4FC9-9CD2-E5A7D36910C5}.Debug-MONO|x64.ActiveCfg = Debug|Any CPU
		{2F55B9B9-CBD9-4FC9-9CD2-E5A7D36910C5}.Debug-MONO|x64.Build.0 = Debug|Any CPU
		{2F55B9B9-CBD9-4FC9-9CD2-E5A7D36910C5}.MachineIndependent|Any CPU.ActiveCfg = Release|Any CPU
		{2F55B9B9-CBD9-4FC9-9CD2-E5A7D36910C5}.MachineIndependent|Any CPU.Build.0 = Release|Any CPU
		{2F55B9B9-CBD9-4FC9-9CD2-E5A7D36910C5}.MachineIndependent|x64.ActiveCfg = Release|Any CPU
		{2F55B9B9-CBD9-4FC9-9CD2-E5A7D36910C5}.MachineIndependent|x64.Build.0 = Release|Any CPU
		{2F55B9B9-CBD9-4FC9-9CD2-E5A7D36910C5}.Release|Any CPU.ActiveCfg = Release|Any CPU
		{2F55B9B9-CBD9-4FC9-9CD2-E5A7D36910C5}.Release|Any CPU.Build.0 = Release|Any CPU
		{2F55B9B9-CBD9-4FC9-9CD2-E5A7D36910C5}.Release|x64.ActiveCfg = Release|Any CPU
		{2F55B9B9-CBD9-4FC9-9CD2-E5A7D36910C5}.Release|x64.Build.0 = Release|Any CPU
		{2F55B9B9-CBD9-4FC9-9CD2-E5A7D36910C5}.Release-MONO|Any CPU.ActiveCfg = Release|Any CPU
		{2F55B9B9-CBD9-4FC9-9CD2-E5A7D36910C5}.Release-MONO|Any CPU.Build.0 = Release|Any CPU
		{2F55B9B9-CBD9-4FC9-9CD2-E5A7D36910C5}.Release-MONO|x64.ActiveCfg = Release|Any CPU
		{2F55B9B9-CBD9-4FC9-9CD2-E5A7D36910C5}.Release-MONO|x64.Build.0 = Release|Any CPU
		{A37C6A6B-8443-453C-B47B-65F06D41163F}.Debug|Any CPU.ActiveCfg = Debug|Any CPU
		{A37C6A6B-8443-453C-B47B-65F06D41163F}.Debug|Any CPU.Build.0 = Debug|Any CPU
		{A37C6A6B-8443-453C-B47B-65F06D41163F}.Debug|x64.ActiveCfg = Debug|Any CPU
		{A37C6A6B-8443-453C-B47B-65F06D41163F}.Debug|x64.Build.0 = Debug|Any CPU
		{A37C6A6B-8443-453C-B47B-65F06D41163F}.Debug-MONO|Any CPU.ActiveCfg = Debug|Any CPU
		{A37C6A6B-8443-453C-B47B-65F06D41163F}.Debug-MONO|Any CPU.Build.0 = Debug|Any CPU
		{A37C6A6B-8443-453C-B47B-65F06D41163F}.Debug-MONO|x64.ActiveCfg = Debug|Any CPU
		{A37C6A6B-8443-453C-B47B-65F06D41163F}.Debug-MONO|x64.Build.0 = Debug|Any CPU
		{A37C6A6B-8443-453C-B47B-65F06D41163F}.MachineIndependent|Any CPU.ActiveCfg = Release|Any CPU
		{A37C6A6B-8443-453C-B47B-65F06D41163F}.MachineIndependent|Any CPU.Build.0 = Release|Any CPU
		{A37C6A6B-8443-453C-B47B-65F06D41163F}.MachineIndependent|x64.ActiveCfg = Release|Any CPU
		{A37C6A6B-8443-453C-B47B-65F06D41163F}.MachineIndependent|x64.Build.0 = Release|Any CPU
		{A37C6A6B-8443-453C-B47B-65F06D41163F}.Release|Any CPU.ActiveCfg = Release|Any CPU
		{A37C6A6B-8443-453C-B47B-65F06D41163F}.Release|Any CPU.Build.0 = Release|Any CPU
		{A37C6A6B-8443-453C-B47B-65F06D41163F}.Release|x64.ActiveCfg = Release|Any CPU
		{A37C6A6B-8443-453C-B47B-65F06D41163F}.Release|x64.Build.0 = Release|Any CPU
		{A37C6A6B-8443-453C-B47B-65F06D41163F}.Release-MONO|Any CPU.ActiveCfg = Release|Any CPU
		{A37C6A6B-8443-453C-B47B-65F06D41163F}.Release-MONO|Any CPU.Build.0 = Release|Any CPU
		{A37C6A6B-8443-453C-B47B-65F06D41163F}.Release-MONO|x64.ActiveCfg = Release|Any CPU
		{A37C6A6B-8443-453C-B47B-65F06D41163F}.Release-MONO|x64.Build.0 = Release|Any CPU
		{E466A369-B37A-43F1-843A-F705A286553D}.Debug|Any CPU.ActiveCfg = Debug|Any CPU
		{E466A369-B37A-43F1-843A-F705A286553D}.Debug|Any CPU.Build.0 = Debug|Any CPU
		{E466A369-B37A-43F1-843A-F705A286553D}.Debug|x64.ActiveCfg = Debug|Any CPU
		{E466A369-B37A-43F1-843A-F705A286553D}.Debug|x64.Build.0 = Debug|Any CPU
		{E466A369-B37A-43F1-843A-F705A286553D}.Debug-MONO|Any CPU.ActiveCfg = Debug|Any CPU
		{E466A369-B37A-43F1-843A-F705A286553D}.Debug-MONO|Any CPU.Build.0 = Debug|Any CPU
		{E466A369-B37A-43F1-843A-F705A286553D}.Debug-MONO|x64.ActiveCfg = Debug|Any CPU
		{E466A369-B37A-43F1-843A-F705A286553D}.Debug-MONO|x64.Build.0 = Debug|Any CPU
		{E466A369-B37A-43F1-843A-F705A286553D}.MachineIndependent|Any CPU.ActiveCfg = Release|Any CPU
		{E466A369-B37A-43F1-843A-F705A286553D}.MachineIndependent|Any CPU.Build.0 = Release|Any CPU
		{E466A369-B37A-43F1-843A-F705A286553D}.MachineIndependent|x64.ActiveCfg = Release|Any CPU
		{E466A369-B37A-43F1-843A-F705A286553D}.MachineIndependent|x64.Build.0 = Release|Any CPU
		{E466A369-B37A-43F1-843A-F705A286553D}.Release|Any CPU.ActiveCfg = Release|Any CPU
		{E466A369-B37A-43F1-843A-F705A286553D}.Release|Any CPU.Build.0 = Release|Any CPU
		{E466A369-B37A-43F1-843A-F705A286553D}.Release|x64.ActiveCfg = Release|Any CPU
		{E466A369-B37A-43F1-843A-F705A286553D}.Release|x64.Build.0 = Release|Any CPU
		{E466A369-B37A-43F1-843A-F705A286553D}.Release-MONO|Any CPU.ActiveCfg = Release|Any CPU
		{E466A369-B37A-43F1-843A-F705A286553D}.Release-MONO|Any CPU.Build.0 = Release|Any CPU
		{E466A369-B37A-43F1-843A-F705A286553D}.Release-MONO|x64.ActiveCfg = Release|Any CPU
		{E466A369-B37A-43F1-843A-F705A286553D}.Release-MONO|x64.Build.0 = Release|Any CPU
		{9CDD520E-09A1-47AE-A586-AD548FB33106}.Debug|Any CPU.ActiveCfg = Debug|Any CPU
		{9CDD520E-09A1-47AE-A586-AD548FB33106}.Debug|Any CPU.Build.0 = Debug|Any CPU
		{9CDD520E-09A1-47AE-A586-AD548FB33106}.Debug|x64.ActiveCfg = Debug|Any CPU
		{9CDD520E-09A1-47AE-A586-AD548FB33106}.Debug|x64.Build.0 = Debug|Any CPU
		{9CDD520E-09A1-47AE-A586-AD548FB33106}.Debug-MONO|Any CPU.ActiveCfg = Debug|Any CPU
		{9CDD520E-09A1-47AE-A586-AD548FB33106}.Debug-MONO|Any CPU.Build.0 = Debug|Any CPU
		{9CDD520E-09A1-47AE-A586-AD548FB33106}.Debug-MONO|x64.ActiveCfg = Debug|Any CPU
		{9CDD520E-09A1-47AE-A586-AD548FB33106}.Debug-MONO|x64.Build.0 = Debug|Any CPU
		{9CDD520E-09A1-47AE-A586-AD548FB33106}.MachineIndependent|Any CPU.ActiveCfg = Release|Any CPU
		{9CDD520E-09A1-47AE-A586-AD548FB33106}.MachineIndependent|Any CPU.Build.0 = Release|Any CPU
		{9CDD520E-09A1-47AE-A586-AD548FB33106}.MachineIndependent|x64.ActiveCfg = Release|Any CPU
		{9CDD520E-09A1-47AE-A586-AD548FB33106}.MachineIndependent|x64.Build.0 = Release|Any CPU
		{9CDD520E-09A1-47AE-A586-AD548FB33106}.Release|Any CPU.ActiveCfg = Release|Any CPU
		{9CDD520E-09A1-47AE-A586-AD548FB33106}.Release|Any CPU.Build.0 = Release|Any CPU
		{9CDD520E-09A1-47AE-A586-AD548FB33106}.Release|x64.ActiveCfg = Release|Any CPU
		{9CDD520E-09A1-47AE-A586-AD548FB33106}.Release|x64.Build.0 = Release|Any CPU
		{9CDD520E-09A1-47AE-A586-AD548FB33106}.Release-MONO|Any CPU.ActiveCfg = Release|Any CPU
		{9CDD520E-09A1-47AE-A586-AD548FB33106}.Release-MONO|Any CPU.Build.0 = Release|Any CPU
		{9CDD520E-09A1-47AE-A586-AD548FB33106}.Release-MONO|x64.ActiveCfg = Release|Any CPU
		{9CDD520E-09A1-47AE-A586-AD548FB33106}.Release-MONO|x64.Build.0 = Release|Any CPU
		{78C64760-81EC-4860-9A43-BCEB511F8866}.Debug|Any CPU.ActiveCfg = Debug|Any CPU
		{78C64760-81EC-4860-9A43-BCEB511F8866}.Debug|Any CPU.Build.0 = Debug|Any CPU
		{78C64760-81EC-4860-9A43-BCEB511F8866}.Debug|x64.ActiveCfg = Debug|Any CPU
		{78C64760-81EC-4860-9A43-BCEB511F8866}.Debug|x64.Build.0 = Debug|Any CPU
		{78C64760-81EC-4860-9A43-BCEB511F8866}.Debug-MONO|Any CPU.ActiveCfg = Debug|Any CPU
		{78C64760-81EC-4860-9A43-BCEB511F8866}.Debug-MONO|Any CPU.Build.0 = Debug|Any CPU
		{78C64760-81EC-4860-9A43-BCEB511F8866}.Debug-MONO|x64.ActiveCfg = Debug|Any CPU
		{78C64760-81EC-4860-9A43-BCEB511F8866}.Debug-MONO|x64.Build.0 = Debug|Any CPU
		{78C64760-81EC-4860-9A43-BCEB511F8866}.MachineIndependent|Any CPU.ActiveCfg = Release|Any CPU
		{78C64760-81EC-4860-9A43-BCEB511F8866}.MachineIndependent|Any CPU.Build.0 = Release|Any CPU
		{78C64760-81EC-4860-9A43-BCEB511F8866}.MachineIndependent|x64.ActiveCfg = Release|Any CPU
		{78C64760-81EC-4860-9A43-BCEB511F8866}.MachineIndependent|x64.Build.0 = Release|Any CPU
		{78C64760-81EC-4860-9A43-BCEB511F8866}.Release|Any CPU.ActiveCfg = Release|Any CPU
		{78C64760-81EC-4860-9A43-BCEB511F8866}.Release|Any CPU.Build.0 = Release|Any CPU
		{78C64760-81EC-4860-9A43-BCEB511F8866}.Release|x64.ActiveCfg = Release|Any CPU
		{78C64760-81EC-4860-9A43-BCEB511F8866}.Release|x64.Build.0 = Release|Any CPU
		{78C64760-81EC-4860-9A43-BCEB511F8866}.Release-MONO|Any CPU.ActiveCfg = Release|Any CPU
		{78C64760-81EC-4860-9A43-BCEB511F8866}.Release-MONO|Any CPU.Build.0 = Release|Any CPU
		{78C64760-81EC-4860-9A43-BCEB511F8866}.Release-MONO|x64.ActiveCfg = Release|Any CPU
		{78C64760-81EC-4860-9A43-BCEB511F8866}.Release-MONO|x64.Build.0 = Release|Any CPU
		{0F730D45-7D6E-47ED-8274-AFF63034CDD6}.Debug|Any CPU.ActiveCfg = Debug|Any CPU
		{0F730D45-7D6E-47ED-8274-AFF63034CDD6}.Debug|Any CPU.Build.0 = Debug|Any CPU
		{0F730D45-7D6E-47ED-8274-AFF63034CDD6}.Debug|x64.ActiveCfg = Debug|Any CPU
		{0F730D45-7D6E-47ED-8274-AFF63034CDD6}.Debug|x64.Build.0 = Debug|Any CPU
		{0F730D45-7D6E-47ED-8274-AFF63034CDD6}.Debug-MONO|Any CPU.ActiveCfg = Debug|Any CPU
		{0F730D45-7D6E-47ED-8274-AFF63034CDD6}.Debug-MONO|Any CPU.Build.0 = Debug|Any CPU
		{0F730D45-7D6E-47ED-8274-AFF63034CDD6}.Debug-MONO|x64.ActiveCfg = Debug|Any CPU
		{0F730D45-7D6E-47ED-8274-AFF63034CDD6}.Debug-MONO|x64.Build.0 = Debug|Any CPU
		{0F730D45-7D6E-47ED-8274-AFF63034CDD6}.MachineIndependent|Any CPU.ActiveCfg = Release|Any CPU
		{0F730D45-7D6E-47ED-8274-AFF63034CDD6}.MachineIndependent|Any CPU.Build.0 = Release|Any CPU
		{0F730D45-7D6E-47ED-8274-AFF63034CDD6}.MachineIndependent|x64.ActiveCfg = Release|Any CPU
		{0F730D45-7D6E-47ED-8274-AFF63034CDD6}.MachineIndependent|x64.Build.0 = Release|Any CPU
		{0F730D45-7D6E-47ED-8274-AFF63034CDD6}.Release|Any CPU.ActiveCfg = Release|Any CPU
		{0F730D45-7D6E-47ED-8274-AFF63034CDD6}.Release|Any CPU.Build.0 = Release|Any CPU
		{0F730D45-7D6E-47ED-8274-AFF63034CDD6}.Release|x64.ActiveCfg = Release|Any CPU
		{0F730D45-7D6E-47ED-8274-AFF63034CDD6}.Release|x64.Build.0 = Release|Any CPU
		{0F730D45-7D6E-47ED-8274-AFF63034CDD6}.Release-MONO|Any CPU.ActiveCfg = Release|Any CPU
		{0F730D45-7D6E-47ED-8274-AFF63034CDD6}.Release-MONO|Any CPU.Build.0 = Release|Any CPU
		{0F730D45-7D6E-47ED-8274-AFF63034CDD6}.Release-MONO|x64.ActiveCfg = Release|Any CPU
		{0F730D45-7D6E-47ED-8274-AFF63034CDD6}.Release-MONO|x64.Build.0 = Release|Any CPU
		{CBB226F9-2789-4F80-8E7D-E010A02376DE}.Debug|Any CPU.ActiveCfg = Debug|Any CPU
		{CBB226F9-2789-4F80-8E7D-E010A02376DE}.Debug|Any CPU.Build.0 = Debug|Any CPU
		{CBB226F9-2789-4F80-8E7D-E010A02376DE}.Debug|x64.ActiveCfg = Debug|x64
		{CBB226F9-2789-4F80-8E7D-E010A02376DE}.Debug|x64.Build.0 = Debug|x64
		{CBB226F9-2789-4F80-8E7D-E010A02376DE}.Debug-MONO|Any CPU.ActiveCfg = Debug-MONO|Any CPU
		{CBB226F9-2789-4F80-8E7D-E010A02376DE}.Debug-MONO|Any CPU.Build.0 = Debug-MONO|Any CPU
		{CBB226F9-2789-4F80-8E7D-E010A02376DE}.Debug-MONO|x64.ActiveCfg = Debug-MONO|x64
		{CBB226F9-2789-4F80-8E7D-E010A02376DE}.Debug-MONO|x64.Build.0 = Debug-MONO|x64
		{CBB226F9-2789-4F80-8E7D-E010A02376DE}.MachineIndependent|Any CPU.ActiveCfg = MachineIndependent|Any CPU
		{CBB226F9-2789-4F80-8E7D-E010A02376DE}.MachineIndependent|Any CPU.Build.0 = MachineIndependent|Any CPU
		{CBB226F9-2789-4F80-8E7D-E010A02376DE}.MachineIndependent|x64.ActiveCfg = MachineIndependent|x64
		{CBB226F9-2789-4F80-8E7D-E010A02376DE}.MachineIndependent|x64.Build.0 = MachineIndependent|x64
		{CBB226F9-2789-4F80-8E7D-E010A02376DE}.Release|Any CPU.ActiveCfg = Release|Any CPU
		{CBB226F9-2789-4F80-8E7D-E010A02376DE}.Release|Any CPU.Build.0 = Release|Any CPU
		{CBB226F9-2789-4F80-8E7D-E010A02376DE}.Release|x64.ActiveCfg = Release|x64
		{CBB226F9-2789-4F80-8E7D-E010A02376DE}.Release|x64.Build.0 = Release|x64
		{CBB226F9-2789-4F80-8E7D-E010A02376DE}.Release-MONO|Any CPU.ActiveCfg = Release-MONO|Any CPU
		{CBB226F9-2789-4F80-8E7D-E010A02376DE}.Release-MONO|Any CPU.Build.0 = Release-MONO|Any CPU
		{CBB226F9-2789-4F80-8E7D-E010A02376DE}.Release-MONO|x64.ActiveCfg = Release-MONO|x64
		{CBB226F9-2789-4F80-8E7D-E010A02376DE}.Release-MONO|x64.Build.0 = Release-MONO|x64
		{3B3E5BD9-D739-42A7-9280-4DAFCE3596D4}.Debug|Any CPU.ActiveCfg = Debug|Any CPU
		{3B3E5BD9-D739-42A7-9280-4DAFCE3596D4}.Debug|Any CPU.Build.0 = Debug|Any CPU
		{3B3E5BD9-D739-42A7-9280-4DAFCE3596D4}.Debug|x64.ActiveCfg = Debug|x64
		{3B3E5BD9-D739-42A7-9280-4DAFCE3596D4}.Debug|x64.Build.0 = Debug|x64
		{3B3E5BD9-D739-42A7-9280-4DAFCE3596D4}.Debug-MONO|Any CPU.ActiveCfg = Debug-MONO|Any CPU
		{3B3E5BD9-D739-42A7-9280-4DAFCE3596D4}.Debug-MONO|Any CPU.Build.0 = Debug-MONO|Any CPU
		{3B3E5BD9-D739-42A7-9280-4DAFCE3596D4}.Debug-MONO|x64.ActiveCfg = Debug-MONO|x64
		{3B3E5BD9-D739-42A7-9280-4DAFCE3596D4}.Debug-MONO|x64.Build.0 = Debug-MONO|x64
		{3B3E5BD9-D739-42A7-9280-4DAFCE3596D4}.MachineIndependent|Any CPU.ActiveCfg = MachineIndependent|Any CPU
		{3B3E5BD9-D739-42A7-9280-4DAFCE3596D4}.MachineIndependent|Any CPU.Build.0 = MachineIndependent|Any CPU
		{3B3E5BD9-D739-42A7-9280-4DAFCE3596D4}.MachineIndependent|x64.ActiveCfg = MachineIndependent|x64
		{3B3E5BD9-D739-42A7-9280-4DAFCE3596D4}.MachineIndependent|x64.Build.0 = MachineIndependent|x64
		{3B3E5BD9-D739-42A7-9280-4DAFCE3596D4}.Release|Any CPU.ActiveCfg = Release|Any CPU
		{3B3E5BD9-D739-42A7-9280-4DAFCE3596D4}.Release|Any CPU.Build.0 = Release|Any CPU
		{3B3E5BD9-D739-42A7-9280-4DAFCE3596D4}.Release|x64.ActiveCfg = Release|x64
		{3B3E5BD9-D739-42A7-9280-4DAFCE3596D4}.Release|x64.Build.0 = Release|x64
		{3B3E5BD9-D739-42A7-9280-4DAFCE3596D4}.Release-MONO|Any CPU.ActiveCfg = Release-MONO|Any CPU
		{3B3E5BD9-D739-42A7-9280-4DAFCE3596D4}.Release-MONO|Any CPU.Build.0 = Release-MONO|Any CPU
		{3B3E5BD9-D739-42A7-9280-4DAFCE3596D4}.Release-MONO|x64.ActiveCfg = Release-MONO|x64
		{3B3E5BD9-D739-42A7-9280-4DAFCE3596D4}.Release-MONO|x64.Build.0 = Release-MONO|x64
		{F90FB6FC-08DF-4619-B030-FC5E87C289B1}.Debug|Any CPU.ActiveCfg = Debug|Any CPU
		{F90FB6FC-08DF-4619-B030-FC5E87C289B1}.Debug|Any CPU.Build.0 = Debug|Any CPU
		{F90FB6FC-08DF-4619-B030-FC5E87C289B1}.Debug|x64.ActiveCfg = Debug|x64
		{F90FB6FC-08DF-4619-B030-FC5E87C289B1}.Debug|x64.Build.0 = Debug|x64
		{F90FB6FC-08DF-4619-B030-FC5E87C289B1}.Debug-MONO|Any CPU.ActiveCfg = Debug-MONO|Any CPU
		{F90FB6FC-08DF-4619-B030-FC5E87C289B1}.Debug-MONO|Any CPU.Build.0 = Debug-MONO|Any CPU
		{F90FB6FC-08DF-4619-B030-FC5E87C289B1}.Debug-MONO|x64.ActiveCfg = Debug-MONO|x64
		{F90FB6FC-08DF-4619-B030-FC5E87C289B1}.Debug-MONO|x64.Build.0 = Debug-MONO|x64
		{F90FB6FC-08DF-4619-B030-FC5E87C289B1}.MachineIndependent|Any CPU.ActiveCfg = MachineIndependent|Any CPU
		{F90FB6FC-08DF-4619-B030-FC5E87C289B1}.MachineIndependent|Any CPU.Build.0 = MachineIndependent|Any CPU
		{F90FB6FC-08DF-4619-B030-FC5E87C289B1}.MachineIndependent|x64.ActiveCfg = MachineIndependent|x64
		{F90FB6FC-08DF-4619-B030-FC5E87C289B1}.MachineIndependent|x64.Build.0 = MachineIndependent|x64
		{F90FB6FC-08DF-4619-B030-FC5E87C289B1}.Release|Any CPU.ActiveCfg = Release|Any CPU
		{F90FB6FC-08DF-4619-B030-FC5E87C289B1}.Release|Any CPU.Build.0 = Release|Any CPU
		{F90FB6FC-08DF-4619-B030-FC5E87C289B1}.Release|x64.ActiveCfg = Release|x64
		{F90FB6FC-08DF-4619-B030-FC5E87C289B1}.Release|x64.Build.0 = Release|x64
		{F90FB6FC-08DF-4619-B030-FC5E87C289B1}.Release-MONO|Any CPU.ActiveCfg = Release-MONO|Any CPU
		{F90FB6FC-08DF-4619-B030-FC5E87C289B1}.Release-MONO|Any CPU.Build.0 = Release-MONO|Any CPU
		{F90FB6FC-08DF-4619-B030-FC5E87C289B1}.Release-MONO|x64.ActiveCfg = Release-MONO|x64
		{F90FB6FC-08DF-4619-B030-FC5E87C289B1}.Release-MONO|x64.Build.0 = Release-MONO|x64
		{239A543D-F166-4DB4-AE23-FCF47F7CB057}.Debug|Any CPU.ActiveCfg = Debug|Any CPU
		{239A543D-F166-4DB4-AE23-FCF47F7CB057}.Debug|Any CPU.Build.0 = Debug|Any CPU
		{239A543D-F166-4DB4-AE23-FCF47F7CB057}.Debug|x64.ActiveCfg = Debug|x64
		{239A543D-F166-4DB4-AE23-FCF47F7CB057}.Debug|x64.Build.0 = Debug|x64
		{239A543D-F166-4DB4-AE23-FCF47F7CB057}.Debug-MONO|Any CPU.ActiveCfg = Debug-MONO|Any CPU
		{239A543D-F166-4DB4-AE23-FCF47F7CB057}.Debug-MONO|Any CPU.Build.0 = Debug-MONO|Any CPU
		{239A543D-F166-4DB4-AE23-FCF47F7CB057}.Debug-MONO|x64.ActiveCfg = Debug-MONO|x64
		{239A543D-F166-4DB4-AE23-FCF47F7CB057}.Debug-MONO|x64.Build.0 = Debug-MONO|x64
		{239A543D-F166-4DB4-AE23-FCF47F7CB057}.MachineIndependent|Any CPU.ActiveCfg = MachineIndependent|Any CPU
		{239A543D-F166-4DB4-AE23-FCF47F7CB057}.MachineIndependent|Any CPU.Build.0 = MachineIndependent|Any CPU
		{239A543D-F166-4DB4-AE23-FCF47F7CB057}.MachineIndependent|x64.ActiveCfg = MachineIndependent|x64
		{239A543D-F166-4DB4-AE23-FCF47F7CB057}.MachineIndependent|x64.Build.0 = MachineIndependent|x64
		{239A543D-F166-4DB4-AE23-FCF47F7CB057}.Release|Any CPU.ActiveCfg = Release|Any CPU
		{239A543D-F166-4DB4-AE23-FCF47F7CB057}.Release|Any CPU.Build.0 = Release|Any CPU
		{239A543D-F166-4DB4-AE23-FCF47F7CB057}.Release|x64.ActiveCfg = Release|x64
		{239A543D-F166-4DB4-AE23-FCF47F7CB057}.Release|x64.Build.0 = Release|x64
		{239A543D-F166-4DB4-AE23-FCF47F7CB057}.Release-MONO|Any CPU.ActiveCfg = Release-MONO|Any CPU
		{239A543D-F166-4DB4-AE23-FCF47F7CB057}.Release-MONO|Any CPU.Build.0 = Release-MONO|Any CPU
		{239A543D-F166-4DB4-AE23-FCF47F7CB057}.Release-MONO|x64.ActiveCfg = Release-MONO|x64
		{239A543D-F166-4DB4-AE23-FCF47F7CB057}.Release-MONO|x64.Build.0 = Release-MONO|x64
	EndGlobalSection
	GlobalSection(SolutionProperties) = preSolution
		HideSolutionNode = FALSE
	EndGlobalSection
	GlobalSection(ExtensibilityGlobals) = postSolution
		SolutionGuid = {F3BB1BCA-1205-4F19-9992-41701713D89E}
	EndGlobalSection
EndGlobal
